# NP0 only; resolved on Python 3.12.14; wheel hashes from official PyPI.
Pygments==2.21.0 --hash=sha256:2363c69b61c4a97c838da3b130dcd6468f4848992b21a82f2a63ec34377137d9
aioftp==0.28.3 --hash=sha256:1d40f1a790efa614df1ffbd3ea68d6cebf8ce89ef544f234801d7e8950445638
annotated-types==0.8.0 --hash=sha256:f072f4d804ea359e4eaf198b1af7a8b0943881a87f31bb764f8bf219bb9419e0
beautifulsoup4==4.15.0 --hash=sha256:d6f88de62e1d4e38ecb1077eb9724cd0eff29d2a08ca16a401e9b9e93f117cf9
cachetools==5.5.2 --hash=sha256:d26a22bcc62eb95c3beabd9f1ee5e820d3d2704fe2967cbe350e20c8ffcd3f0a
certifi==2026.7.22 --hash=sha256:62f22742b58a1a33014a2b6b706588a8d7e2a88ae7bd1a6ebe8c992928483775
charset-normalizer==3.5.1 --hash=sha256:5b6d1386bf0096d26d3a863dc0a487a5b4eb9aa93cf5ba69683d29dde6b9d60f
decorator==5.3.1 --hash=sha256:f47fe6fdbd2edd623ecfe36875d37aba411624e2670dd395dddae1358689bb3c
dnspython==2.8.0 --hash=sha256:01d9bbc4a2d76bf0db7c1f729812ded6d912bd318d3b1cf81d30c0f845dbf3af
greenlet==3.5.6 --hash=sha256:a5876d0a60355af98d535c47f6cd6eb0f8a432396dab26845d380b92f8412422
holidays==0.105 --hash=sha256:7fbd87770f1128eb24514fbb4c3ec6afa1c72d65c346713dbc13c2d0297df481
idna==3.20 --hash=sha256:ab7ae7122974553370f0bdb919e1a960b2cd1bc1ef0276416d896db81c14582c
il-supermarket-parser==1.0.11 --hash=sha256:df8e41db840ea2e61fe70eaf47899b24a90eb93d5b0fc4f2bec6cf3b4336d96c
il-supermarket-scraper==1.0.14 --hash=sha256:e1f040a4f5ae20ef5a949527ba5369701025c9568819d652921a442ff3e89169
iniconfig==2.3.0 --hash=sha256:f631c04d2c48c52b84d0d0549c99ff3859c98df65b3101406327ecc7d53fbf12
kafka-python==3.0.11 --hash=sha256:9d10cab4e11e02545d82c7e5af5702da5aa46dd4eccd11ad92a50bf6dbbecd14
lxml==5.4.0 --hash=sha256:b5aff6f3e818e6bdbbb38e5967520f174b18f539c2b9de867b1e7fde6f8d95a4
mock==4.0.3 --hash=sha256:122fcb64ee37cfad5b3f48d7a7d51875d7031aaf3d8be7c42e2bee25044eee62
numpy==2.5.3 --hash=sha256:a72f874bc9e10e4b8f80426fb49716d5141f64442a0c8418065093ec8017fbb0
packaging==26.3 --hash=sha256:d7193f7c8e4e93f444fde0262bf90af30e16fa0ad0ad44cb553c87339b23cd1c
pandas==3.0.6 --hash=sha256:9dab635a549e58a053c7b0fa054dc0bd7be22f0ed9a720f4a85d5fb993276172
playwright-stealth==2.0.3 --hash=sha256:1887ade423ab7ff8ae16d363a30a38de0b5817e1e4a29d47b74bf3a0e3dbfcb4
playwright==1.63.0 --hash=sha256:fd1aa00631d44d55e56e0975bf3f3f285fac4a9fd2813183f0c12a488f1a1b24
pluggy==1.6.0 --hash=sha256:e920276dd6813095e9377c0bc5566d94c932c33b27a3e3945d8389c374dd4746
py==1.11.0 --hash=sha256:607c53218732647dff4acdfcd50cb62615cedf612e72d1724fb1a0cc6405b378
pydantic==2.13.5 --hash=sha256:346a034f080da3755d8e9cb5e00e8b07de1d39e4f6e2c87d8ab7cafa0b269a73
pydantic_core==2.46.5 --hash=sha256:a39ac25a9a2fa4072efdb429833c4a4c8009a51ff9eea3eeae131713cd27991e
pyee==13.0.1 --hash=sha256:af2f8fede4171ef667dfded53f96e2ed0d6e6bd7ee3bb46437f77e3b57689228
pymongo==4.6.3 --hash=sha256:722f2b709b63311c0efda4fa4c603661faa4bec6bad24a6cc41a3bc6d841bf09
pytest-base-url==2.1.0 --hash=sha256:3ad15611778764d451927b2a53240c1a7a591b521ea44cebfe45849d2d2812e6
pytest-playwright==0.9.0 --hash=sha256:9d9dc74e335c647944cecfffa706cc9e6e4bf4c25e84592c128b584d494d4471
pytest==9.1.1 --hash=sha256:37a86b45efb9a47a61a36449063e8e18d0cab3161329fc099eb21783169c4f0c
python-dateutil==2.9.0.post0 --hash=sha256:a8b2bc7bffae282281c8140a97d3aa9c14da0b136dfe83f850eea9a5f7470427
python-slugify==8.0.4 --hash=sha256:276540b79961052b66b7d116620b36518847f52d5fd9e3a70164fc8c50faa6b8
pytz==2026.3.post1 --hash=sha256:dd95840dd199baea12d9cc096a1d452caa6596a1c1e4b5f3dbd1541855d5e815
requests==2.34.2 --hash=sha256:2a0d60c172f83ac6ab31e4554906c0f3b3588d37b5cb939b1c061f4907e278e0
retry==0.9.2 --hash=sha256:ccddf89761fa2c726ab29391837d4327f819ea14d244c232a1d24c67a2f98606
six==1.17.0 --hash=sha256:4721f391ed90541fddacab5acf947aa0d3dc7d27b2e1e8eda2be8970586c3274
soupsieve==2.9.2 --hash=sha256:8089a26fd974ca7a1f30276d3d8492ab266ab15af581642dfe8aa162e0c1c823
text-unidecode==1.3 --hash=sha256:1311f10e8b895935241623731c2ba64f4c455287888b18189350b67134a822e8
tqdm==4.70.1 --hash=sha256:c293e525e6fef9c20e8728fd4612df02a0aa31bb5fe91ecd93e123b1b7bffa73
typing-inspection==0.4.4 --hash=sha256:65b8397ba37ccbce054456aaccddfc91e6e3083c92824df348d96ca832f3f147
typing_extensions==4.16.0 --hash=sha256:481caa481374e813c1b176ada14e97f1f67a4539ce9cfeb3f350d78d6370c2e8
urllib3==2.8.0 --hash=sha256:0cf3cae568d36aa9576b28dfb35f11328f1cb974ca7647d9475ebb86c75ac6e3
